
Microsoft Visual Studio Solution File, Format Version 12.00
# Visual Studio Version 17
VisualStudioVersion = 17.9.34728.123
MinimumVisualStudioVersion = 10.0.40219.1
Project("{9A19103F-16F7-4668-BE54-9A1E7A4F7556}") = "RealEstateAPI", "RealEstateAPI.csproj", "{8C56330E-F9FE-4AAC-86D9-A20135F16CE0}"
EndProject
Project("{FAE04EC0-301F-11D3-BF4B-00C04F79EFBC}") = "RealEstateAPITests1", "..\RealEstateAPITests1\RealEstateAPITests1.csproj", "{14C21F51-D481-4AA4-A704-9AB28856870E}"
EndProject
Global
	GlobalSection(SolutionConfigurationPlatforms) = preSolution
		Debug|Any CPU = Debug|Any CPU
		Release|Any CPU = Release|Any CPU
	EndGlobalSection
	GlobalSection(ProjectConfigurationPlatforms) = postSolution
		{8C56330E-F9FE-4AAC-86D9-A20135F16CE0}.Debug|Any CPU.ActiveCfg = Debug|Any CPU
		{8C56330E-F9FE-4AAC-86D9-A20135F16CE0}.Debug|Any CPU.Build.0 = Debug|Any CPU
		{8C56330E-F9FE-4AAC-86D9-A20135F16CE0}.Release|Any CPU.ActiveCfg = Release|Any CPU
		{8C56330E-F9FE-4AAC-86D9-A20135F16CE0}.Release|Any CPU.Build.0 = Release|Any CPU
		{14C21F51-D481-4AA4-A704-9AB28856870E}.Debug|Any CPU.ActiveCfg = Debug|Any CPU
		{14C21F51-D481-4AA4-A704-9AB28856870E}.Debug|Any CPU.Build.0 = Debug|Any CPU
		{14C21F51-D481-4AA4-A704-9AB28856870E}.Release|Any CPU.ActiveCfg = Release|Any CPU
		{14C21F51-D481-4AA4-A704-9AB28856870E}.Release|Any CPU.Build.0 = Release|Any CPU
	EndGlobalSection
	GlobalSection(SolutionProperties) = preSolution
		HideSolutionNode = FALSE
	EndGlobalSection
	GlobalSection(ExtensibilityGlobals) = postSolution
		SolutionGuid = {5C90C711-BE46-467F-AD8B-563670F79D66}
	EndGlobalSection
EndGlobal
